
Microsoft Visual Studio Solution File, Format Version 12.00
# Visual Studio Version 16
VisualStudioVersion = 16.0.30523.141
MinimumVisualStudioVersion = 10.0.40219.1
Project("{FAE04EC0-301F-11D3-BF4B-00C04F79EFBC}") = "calc.Android", "calc\calc.Android\calc.Android.csproj", "{42B2E486-52C2-4966-84B8-6D3AFF7ADCBC}"
EndProject
Project("{FAE04EC0-301F-11D3-BF4B-00C04F79EFBC}") = "calc.iOS", "calc\calc.iOS\calc.iOS.csproj", "{46F5C8EB-1EA4-4146-A4DB-704AFC6E0D4D}"
EndProject
Project("{FAE04EC0-301F-11D3-BF4B-00C04F79EFBC}") = "calc", "calc\calc\calc.csproj", "{F7FE359E-B37C-46C1-A56E-4245982EF341}"
EndProject
Global
	GlobalSection(SolutionConfigurationPlatforms) = preSolution
		Debug|Any CPU = Debug|Any CPU
		Debug|iPhone = Debug|iPhone
		Debug|iPhoneSimulator = Debug|iPhoneSimulator
		Release|Any CPU = Release|Any CPU
		Release|iPhone = Release|iPhone
		Release|iPhoneSimulator = Release|iPhoneSimulator
	EndGlobalSection
	GlobalSection(ProjectConfigurationPlatforms) = postSolution
		{42B2E486-52C2-4966-84B8-6D3AFF7ADCBC}.Debug|Any CPU.ActiveCfg = Debug|Any CPU
		{42B2E486-52C2-4966-84B8-6D3AFF7ADCBC}.Debug|Any CPU.Build.0 = Debug|Any CPU
		{42B2E486-52C2-4966-84B8-6D3AFF7ADCBC}.Debug|Any CPU.Deploy.0 = Debug|Any CPU
		{42B2E486-52C2-4966-84B8-6D3AFF7ADCBC}.Debug|iPhone.ActiveCfg = Debug|Any CPU
		{42B2E486-52C2-4966-84B8-6D3AFF7ADCBC}.Debug|iPhone.Build.0 = Debug|Any CPU
		{42B2E486-52C2-4966-84B8-6D3AFF7ADCBC}.Debug|iPhone.Deploy.0 = Debug|Any CPU
		{42B2E486-52C2-4966-84B8-6D3AFF7ADCBC}.Debug|iPhoneSimulator.ActiveCfg = Debug|Any CPU
		{42B2E486-52C2-4966-84B8-6D3AFF7ADCBC}.Debug|iPhoneSimulator.Build.0 = Debug|Any CPU
		{42B2E486-52C2-4966-84B8-6D3AFF7ADCBC}.Debug|iPhoneSimulator.Deploy.0 = Debug|Any CPU
		{42B2E486-52C2-4966-84B8-6D3AFF7ADCBC}.Release|Any CPU.ActiveCfg = Release|Any CPU
		{42B2E486-52C2-4966-84B8-6D3AFF7ADCBC}.Release|Any CPU.Build.0 = Release|Any CPU
		{42B2E486-52C2-4966-84B8-6D3AFF7ADCBC}.Release|Any CPU.Deploy.0 = Release|Any CPU
		{42B2E486-52C2-4966-84B8-6D3AFF7ADCBC}.Release|iPhone.ActiveCfg = Release|Any CPU
		{42B2E486-52C2-4966-84B8-6D3AFF7ADCBC}.Release|iPhone.Build.0 = Release|Any CPU
		{42B2E486-52C2-4966-84B8-6D3AFF7ADCBC}.Release|iPhone.Deploy.0 = Release|Any CPU
		{42B2E486-52C2-4966-84B8-6D3AFF7ADCBC}.Release|iPhoneSimulator.ActiveCfg = Release|Any CPU
		{42B2E486-52C2-4966-84B8-6D3AFF7ADCBC}.Release|iPhoneSimulator.Build.0 = Release|Any CPU
		{42B2E486-52C2-4966-84B8-6D3AFF7ADCBC}.Release|iPhoneSimulator.Deploy.0 = Release|Any CPU
		{46F5C8EB-1EA4-4146-A4DB-704AFC6E0D4D}.Debug|Any CPU.ActiveCfg = Debug|iPhone
		{46F5C8EB-1EA4-4146-A4DB-704AFC6E0D4D}.Debug|Any CPU.Build.0 = Debug|iPhone
		{46F5C8EB-1EA4-4146-A4DB-704AFC6E0D4D}.Debug|Any CPU.Deploy.0 = Debug|iPhone
		{46F5C8EB-1EA4-4146-A4DB-704AFC6E0D4D}.Debug|iPhone.ActiveCfg = Debug|iPhone
		{46F5C8EB-1EA4-4146-A4DB-704AFC6E0D4D}.Debug|iPhone.Build.0 = Debug|iPhone
		{46F5C8EB-1EA4-4146-A4DB-704AFC6E0D4D}.Debug|iPhone.Deploy.0 = Debug|iPhone
		{46F5C8EB-1EA4-4146-A4DB-704AFC6E0D4D}.Debug|iPhoneSimulator.ActiveCfg = Debug|iPhoneSimulator
		{46F5C8EB-1EA4-4146-A4DB-704AFC6E0D4D}.Debug|iPhoneSimulator.Build.0 = Debug|iPhoneSimulator
		{46F5C8EB-1EA4-4146-A4DB-704AFC6E0D4D}.Debug|iPhoneSimulator.Deploy.0 = Debug|iPhoneSimulator
		{46F5C8EB-1EA4-4146-A4DB-704AFC6E0D4D}.Release|Any CPU.ActiveCfg = Release|iPhoneSimulator
		{46F5C8EB-1EA4-4146-A4DB-704AFC6E0D4D}.Release|Any CPU.Build.0 = Release|iPhoneSimulator
		{46F5C8EB-1EA4-4146-A4DB-704AFC6E0D4D}.Release|Any CPU.Deploy.0 = Release|iPhoneSimulator
		{46F5C8EB-1EA4-4146-A4DB-704AFC6E0D4D}.Release|iPhone.ActiveCfg = Release|iPhone
		{46F5C8EB-1EA4-4146-A4DB-704AFC6E0D4D}.Release|iPhone.Build.0 = Release|iPhone
		{46F5C8EB-1EA4-4146-A4DB-704AFC6E0D4D}.Release|iPhone.Deploy.0 = Release|iPhone
		{46F5C8EB-1EA4-4146-A4DB-704AFC6E0D4D}.Release|iPhoneSimulator.ActiveCfg = Release|iPhoneSimulator
		{46F5C8EB-1EA4-4146-A4DB-704AFC6E0D4D}.Release|iPhoneSimulator.Build.0 = Release|iPhoneSimulator
		{46F5C8EB-1EA4-4146-A4DB-704AFC6E0D4D}.Release|iPhoneSimulator.Deploy.0 = Release|iPhoneSimulator
		{F7FE359E-B37C-46C1-A56E-4245982EF341}.Debug|Any CPU.ActiveCfg = Debug|Any CPU
		{F7FE359E-B37C-46C1-A56E-4245982EF341}.Debug|Any CPU.Build.0 = Debug|Any CPU
		{F7FE359E-B37C-46C1-A56E-4245982EF341}.Debug|Any CPU.Deploy.0 = Debug|Any CPU
		{F7FE359E-B37C-46C1-A56E-4245982EF341}.Debug|iPhone.ActiveCfg = Debug|Any CPU
		{F7FE359E-B37C-46C1-A56E-4245982EF341}.Debug|iPhone.Build.0 = Debug|Any CPU
		{F7FE359E-B37C-46C1-A56E-4245982EF341}.Debug|iPhone.Deploy.0 = Debug|Any CPU
		{F7FE359E-B37C-46C1-A56E-4245982EF341}.Debug|iPhoneSimulator.ActiveCfg = Debug|Any CPU
		{F7FE359E-B37C-46C1-A56E-4245982EF341}.Debug|iPhoneSimulator.Build.0 = Debug|Any CPU
		{F7FE359E-B37C-46C1-A56E-4245982EF341}.Debug|iPhoneSimulator.Deploy.0 = Debug|Any CPU
		{F7FE359E-B37C-46C1-A56E-4245982EF341}.Release|Any CPU.ActiveCfg = Release|Any CPU
		{F7FE359E-B37C-46C1-A56E-4245982EF341}.Release|Any CPU.Build.0 = Release|Any CPU
		{F7FE359E-B37C-46C1-A56E-4245982EF341}.Release|Any CPU.Deploy.0 = Release|Any CPU
		{F7FE359E-B37C-46C1-A56E-4245982EF341}.Release|iPhone.ActiveCfg = Release|Any CPU
		{F7FE359E-B37C-46C1-A56E-4245982EF341}.Release|iPhone.Build.0 = Release|Any CPU
		{F7FE359E-B37C-46C1-A56E-4245982EF341}.Release|iPhone.Deploy.0 = Release|Any CPU
		{F7FE359E-B37C-46C1-A56E-4245982EF341}.Release|iPhoneSimulator.ActiveCfg = Release|Any CPU
		{F7FE359E-B37C-46C1-A56E-4245982EF341}.Release|iPhoneSimulator.Build.0 = Release|Any CPU
		{F7FE359E-B37C-46C1-A56E-4245982EF341}.Release|iPhoneSimulator.Deploy.0 = Release|Any CPU
	EndGlobalSection
	GlobalSection(SolutionProperties) = preSolution
		HideSolutionNode = FALSE
	EndGlobalSection
	GlobalSection(ExtensibilityGlobals) = postSolution
		SolutionGuid = {0704F452-D8C8-47E9-B70D-AFEE056658E8}
	EndGlobalSection
EndGlobal
